{
  "name": "claudenews",
  "version": "1.0.0",
  "lockfileVersion": 2,
  "requires": true,
  "packages": {
    "": {
      "name": "claudenews",
      "version": "1.0.0",
      "license": "MIT",
      "dependencies": {
        "cheerio": "^1.0.0-rc.12",
        "node-fetch": "^2.7.0",
        "nodemailer": "^6.9.13",
        "rss-parser": "^3.13.0"
      },
      "engines": {
        "node": ">=18.0.0"
      }
    },
    "node_modules/boolbase": {
      "version": "1.0.0",
      "resolved": "https://registry.npmjs.org/boolbase/-/boolbase-1.0.0.tgz",
      "integrity": "sha512-JZOSA7Mo9sNGB8+UjSgzdLtokWAky3zwD+DuwCS3yeBjHnH6iq6qN63gDHeKKAJLapVizu3dMRSYZuo9bypass=="
    },
    "node_modules/cheerio": {
      "version": "1.0.0-rc.12",
      "resolved": "https://registry.npmjs.org/cheerio/-/cheerio-1.0.0-rc.12.tgz",
      "integrity": "sha512-VqR8eO61PNRmbf2JiZCZFJL1xiv697SVSLeiBF6/Z/W44KfqRHIB9L2IxKLaKly7bV9KLvyE4itMsLX7YBvqQ==",
      "dependencies": {
        "cheerio-select": "^2.1.0",
        "dom-serializer": "^2.0.0",
        "domhandler": "^5.0.3",
        "domutils": "^3.0.1",
        "encoding-js": "^1.0.2",
        "htmlparser2": "^8.0.1",
        "parse5": "^7.0.0",
        "parse5-htmlparser2-tree-adapter": "^7.0.0",
        "tslib": "^2.4.0"
      },
      "engines": {
        "node": ">= 6.0.0"
      }
    },
    "node_modules/cheerio-select": {
      "version": "2.1.0",
      "resolved": "https://registry.npmjs.org/cheerio-select/-/cheerio-select-2.1.0.tgz",
      "integrity": "sha512-9v9kG0LvzrlcungtnJtpvaQTMARPo3A8+e+U+JJwyHhyelBnjeVsEF5Yl7nLWvvw1iO8KwZTaxFVMTI21dBsw==",
      "dependencies": {
        "css-select": "^5.1.0",
        "css-what": "^6.1.0",
        "domelementtype": "^2.3.0",
        "domhandler": "^5.0.3",
        "domutils": "^3.0.1"
      },
      "funding": {
        "url": "https://github.com/sponsors/fb55"
      }
    },
    "node_modules/css-select": {
      "version": "5.1.0",
      "resolved": "https://registry.npmjs.org/css-select/-/css-select-5.1.0.tgz",
      "integrity": "sha512-nwoRF1rvYrvu7vLZ3sKJkITEIr7uIv5WtUZuyvAPwqMAy86IB7CnQ24shS/NETOAEqtNyHgSec3DdSj7NfWOw==",
      "dependencies": {
        "boolbase": "^1.0.0",
        "css-what": "^6.1.0",
        "domelementtype": "^2.3.0",
        "domhandler": "^5.0.3",
        "domutils": "^3.0.1"
      }
    },
    "node_modules/css-what": {
      "version": "6.1.0",
      "resolved": "https://registry.npmjs.org/css-what/-/css-what-6.1.0.tgz",
      "integrity": "sha512-HTUrgRJ7r4dsZk5xtpOEo0whMGoeIMyPJTutYQZ38PDH4hMx1plZWQcjsgV38JdsuYOo3FRjCcZUccX3kcfqw==",
      "engines": {
        "node": ">= 6"
      }
    },
    "node_modules/dom-serializer": {
      "version": "2.0.0",
      "resolved": "https://registry.npmjs.org/dom-serializer/-/dom-serializer-2.0.0.tgz",
      "integrity": "sha512-wIkAOxEKN3R1bQsDwCQNYP2ivqY51Lqc5qdV+nGo3IcJlxeZVozRvrdbb9mNHYndeaiseafnlierjwhcpxkem==",
      "dependencies": {
        "domelementtype": "^2.3.0",
        "domhandler": "^5.0.2",
        "entities": "^4.2.0"
      }
    },
    "node_modules/domelementtype": {
      "version": "2.3.0",
      "resolved": "https://registry.npmjs.org/domelementtype/-/domelementtype-2.3.0.tgz",
      "integrity": "sha512-OLETBj6w0OsagBwrSsYf3dNvUL8dIKLFbzVrUAZtVSg23+ye26ceKZUIArjG4Pwwa87ZzQiEIvgPnd0milk4qQ=="
    },
    "node_modules/domhandler": {
      "version": "5.0.3",
      "resolved": "https://registry.npmjs.org/domhandler/-/domhandler-5.0.3.tgz",
      "integrity": "sha512-cgwlv/1yjKqXaluJvMIY0K0K3eBOJQla5VFd3nAmYvXVxIPdJ+3blJvSKMn0nsfrQhMJ5WegiMEwvvrZl1z0Q==",
      "dependencies": {
        "domelementtype": "^2.3.0"
      }
    },
    "node_modules/domutils": {
      "version": "3.0.1",
      "resolved": "https://registry.npmjs.org/domutils/-/domutils-3.0.1.tgz",
      "integrity": "sha512-z0yWI38UseB97fh6gCC0G+FrxA9J7WnodPenP1ekRkaqCqEDUpqiBulDLghSaXWNkty5P9PR7FwIkVoJdBFS+A=="
    },
    "node_modules/encoding-js": {
      "version": "1.0.2",
      "resolved": "https://registry.npmjs.org/encoding-js/-/encoding-js-1.0.2.tgz",
      "integrity": "sha512-ZXS0YWl6QNpGLQ+4qYwN8TBnVvzw6mYHAHIFNQc9Oc0rLAMHdO5d6RN8XLx9x5LVmDVdwP0Gq3h0kUJVAEwGA=="
    },
    "node_modules/entities": {
      "version": "4.5.0",
      "resolved": "https://registry.npmjs.org/entities/-/entities-4.5.0.tgz",
      "integrity": "sha512-V0hjH4dswFzWu//lMORlTtAvlG5evF2+DwlNEM+P2KM5+eial/K3gj+PvN5SJQrQEV3w2OKIWE2326VJabl24Q==",
      "engines": {
        "node": ">=0.12"
      }
    },
    "node_modules/htmlparser2": {
      "version": "8.0.1",
      "resolved": "https://registry.npmjs.org/htmlparser2/-/htmlparser2-8.0.1.tgz",
      "integrity": "sha512-4lVbmc1diZjSpV8CjkIIcPZFScMecWmm4EsLI6D8sBkLvgg0dyG64KLUOE44ej4SmLBUPKgdegqpsthvSMIg8g==",
      "dependencies": {
        "domelementtype": "^2.3.0",
        "domhandler": "^5.0.2",
        "domutils": "^3.0.1",
        "entities": "^4.4.0"
      }
    },
    "node_modules/node-fetch": {
      "version": "2.7.0",
      "resolved": "https://registry.npmjs.org/node-fetch/-/node-fetch-2.7.0.tgz",
      "integrity": "sha512-c4FRfUm/dbcWZ7U+1Uk5e4ZkqiafJb9T33V5FZEnZoNJUWWrqkhExaVLxTtfs6p+1uEzNSRw+kXCHnqYun51g==",
      "dependencies": {
        "whatwg-url": "^5.0.0"
      },
      "engines": {
        "node": "4.x || >=6.0.0"
      }
    },
    "node_modules/nodemailer": {
      "version": "6.9.13",
      "resolved": "https://registry.npmjs.org/nodemailer/-/nodemailer-6.9.13.tgz",
      "integrity": "sha512-7fMrNjXvSMEYM88VNd+8ei0y9Ixbl1mUaVjMVNxVWQKT2hJmIbWJG3fZhKVReFPWF9vyJzs72qvHmHb6xmHiIg==",
      "engines": {
        "node": ">=6.0.0"
      }
    },
    "node_modules/parse5": {
      "version": "7.1.2",
      "resolved": "https://registry.npmjs.org/parse5/-/parse5-7.1.2.tgz",
      "integrity": "sha512-Czj1WaSVpaoj0wChvRrr8qWT9Nx2apF5XW2cS1jChK75x1axup4fFY4bstWERX47m1Al8tNRv6BftYytuckDFw=="
    },
    "node_modules/parse5-htmlparser2-tree-adapter": {
      "version": "7.0.0",
      "resolved": "https://registry.npmjs.org/parse5-htmlparser2-tree-adapter/-/parse5-htmlparser2-tree-adapter-7.0.0.tgz",
      "integrity": "sha512-B77tOZrqqfUfnVcVIQ5rBD0RwrmUftsvLMSB+Z+d/Eemlyb+DxSBAoDcYdlT8JSu0/FGQZno4O/jU595Fj9oA==",
      "dependencies": {
        "domhandler": "^5.0.2",
        "parse5": "^7.0.0"
      }
    },
    "node_modules/rss-parser": {
      "version": "3.13.0",
      "resolved": "https://registry.npmjs.org/rss-parser/-/rss-parser-3.13.0.tgz",
      "integrity": "sha512-Lw1yZxSqyaRmKYJ8dMPmkU/ysGYWUL5JRTG7FPq8KpBBMWqnDmJa7daDrLRWz1sJLKy6sKq9JDXvLnPx4TiPA==",
      "dependencies": {
        "xml2js": "^0.6.2"
      }
    },
    "node_modules/tr46": {
      "version": "0.0.3",
      "resolved": "https://registry.npmjs.org/tr46/-/tr46-0.0.3.tgz",
      "integrity": "sha512-N3WMsuqV66lT30EVPmlS0lW/wASN1nRogue/phBDilReIC/OmegaVvicLJ4fhxH2uNstripped=="
    },
    "node_modules/tslib": {
      "version": "2.6.2",
      "resolved": "https://registry.npmjs.org/tslib/-/tslib-2.6.2.tgz",
      "integrity": "sha512-AEYxH93jGFds7zLutG12yuN2gsrzrCIamwQHwSgiorgio3fYZb1+5Qritmy059dZ5sau8svNGYRDharald=="
    },
    "node_modules/webidl-conversions": {
      "version": "3.0.1",
      "resolved": "https://registry.npmjs.org/webidl-conversions/-/webidl-conversions-3.0.1.tgz",
      "integrity": "sha512-2JAn3z8AR6rjK8Sm8orRC0h/bcl/DqL7tRNauEl3/duSQVMfJ9Dc7/dSrVqPXks=="
    },
    "node_modules/whatwg-url": {
      "version": "5.0.0",
      "resolved": "https://registry.npmjs.org/whatwg-url/-/whatwg-url-5.0.0.tgz",
      "integrity": "sha512-saE57nupxmbsvda+eljxabRzl3R8Z/Z/gVWsZCyrOecp/d+F1eaoe0KluUmdMmQE3xAoq+uJRdthin2cOtoDw==",
      "dependencies": {
        "tr46": "~0.0.3",
        "webidl-conversions": "^3.0.0"
      }
    },
    "node_modules/xml2js": {
      "version": "0.6.2",
      "resolved": "https://registry.npmjs.org/xml2js/-/xml2js-0.6.2.tgz",
      "integrity": "sha512-T787FH34kkstRKKDXxbJN1d+H7jvOy+fxHY37VJw/8JLnKP7wU+vLkzm1+Bw3SxkdQWr0OPGLd4XDCMfDjyPuA==",
      "dependencies": {
        "sax": ">=0.6.0",
        "xmlbuilder": "~11.0.0"
      },
      "engines": {
        "node": ">=4.0.0"
      }
    },
    "node_modules/sax": {
      "version": "1.4.1",
      "resolved": "https://registry.npmjs.org/sax/-/sax-1.4.1.tgz",
      "integrity": "sha512-+aWOz7yVScEGoQc8j3Q8rEFJcJGUi82zy+3L011OMcXcmD2RDtV/VDBOo+8A2UtmMSA36ccZL7RCKyHewgVHQ=="
    },
    "node_modules/xmlbuilder": {
      "version": "11.0.1",
      "resolved": "https://registry.npmjs.org/xmlbuilder/-/xmlbuilder-11.0.1.tgz",
      "integrity": "sha512-fDlxjB5/f++IseEH+gqCAOBlUGHwmERoOvW+qLUmagZNuWNM/SKewmJ+fvvFjF3MIeE5kV8eNnqhalKQmhs+Dw=="
    }
  }
}
